{
  "requires": true,
  "lockfileVersion": 1,
  "dependencies": {
    "gitbook-plugin-meta-single": {
      "version": "0.1.13",
      "resolved": "https://registry.npmjs.org/gitbook-plugin-meta-single/-/gitbook-plugin-meta-single-0.1.13.tgz",
      "integrity": "sha1-7cXg3F5ciEaxb/hQS/FKXOlnG74="
    },
    "gitbook-plugin-verifications": {
      "version": "0.0.7",
      "resolved": "https://registry.npmjs.org/gitbook-plugin-verifications/-/gitbook-plugin-verifications-0.0.7.tgz",
      "integrity": "sha1-ypdz3KMqHmXULry2u7wwUm/uTdg="
    }
  }
}
